
Microsoft Visual Studio Solution File, Format Version 12.00
# Visual Studio Version 17
VisualStudioVersion = 17.4.33122.133
MinimumVisualStudioVersion = 10.0.40219.1
Project("{FAE04EC0-301F-11D3-BF4B-00C04F79EFBC}") = "AnnotationDemo", "AnnotationDemo\AnnotationDemo.csproj", "{C3953CF8-1E11-401E-B4CC-65A6C58FDA54}"
EndProject
Global
	GlobalSection(SolutionConfigurationPlatforms) = preSolution
		Debug|Any CPU = Debug|Any CPU
		Release|Any CPU = Release|Any CPU
	EndGlobalSection
	GlobalSection(ProjectConfigurationPlatforms) = postSolution
		{C3953CF8-1E11-401E-B4CC-65A6C58FDA54}.Debug|Any CPU.ActiveCfg = Debug|Any CPU
		{C3953CF8-1E11-401E-B4CC-65A6C58FDA54}.Debug|Any CPU.Build.0 = Debug|Any CPU
		{C3953CF8-1E11-401E-B4CC-65A6C58FDA54}.Release|Any CPU.ActiveCfg = Release|Any CPU
		{C3953CF8-1E11-401E-B4CC-65A6C58FDA54}.Release|Any CPU.Build.0 = Release|Any CPU
	EndGlobalSection
	GlobalSection(SolutionProperties) = preSolution
		HideSolutionNode = FALSE
	EndGlobalSection
	GlobalSection(ExtensibilityGlobals) = postSolution
		SolutionGuid = {30CB4874-BBFB-4529-B003-B42EDEC0AC6F}
	EndGlobalSection
EndGlobal
